
Microsoft Visual Studio Solution File, Format Version 12.00
# Visual Studio Version 17
VisualStudioVersion = 17.0.32112.339
MinimumVisualStudioVersion = 10.0.40219.1
Project("{8BC9CEB8-8B4A-11D0-8D11-00A0C91BC942}") = "functionReturn(checkPrime)", "functionReturn(checkPrime).vcxproj", "{186AD68B-83CF-43CF-A75D-BF71B33B62BC}"
EndProject
Global
	GlobalSection(SolutionConfigurationPlatforms) = preSolution
		Debug|x64 = Debug|x64
		Debug|x86 = Debug|x86
		Release|x64 = Release|x64
		Release|x86 = Release|x86
	EndGlobalSection
	GlobalSection(ProjectConfigurationPlatforms) = postSolution
		{186AD68B-83CF-43CF-A75D-BF71B33B62BC}.Debug|x64.ActiveCfg = Debug|x64
		{186AD68B-83CF-43CF-A75D-BF71B33B62BC}.Debug|x64.Build.0 = Debug|x64
		{186AD68B-83CF-43CF-A75D-BF71B33B62BC}.Debug|x86.ActiveCfg = Debug|Win32
		{186AD68B-83CF-43CF-A75D-BF71B33B62BC}.Debug|x86.Build.0 = Debug|Win32
		{186AD68B-83CF-43CF-A75D-BF71B33B62BC}.Release|x64.ActiveCfg = Release|x64
		{186AD68B-83CF-43CF-A75D-BF71B33B62BC}.Release|x64.Build.0 = Release|x64
		{186AD68B-83CF-43CF-A75D-BF71B33B62BC}.Release|x86.ActiveCfg = Release|Win32
		{186AD68B-83CF-43CF-A75D-BF71B33B62BC}.Release|x86.Build.0 = Release|Win32
	EndGlobalSection
	GlobalSection(SolutionProperties) = preSolution
		HideSolutionNode = FALSE
	EndGlobalSection
	GlobalSection(ExtensibilityGlobals) = postSolution
		SolutionGuid = {B1BE0C9B-4763-4916-B2C4-59D985E19334}
	EndGlobalSection
EndGlobal
