
Microsoft Visual Studio Solution File, Format Version 12.00
# Visual Studio Version 17
VisualStudioVersion = 17.0.32112.339
MinimumVisualStudioVersion = 10.0.40219.1
Project("{8BC9CEB8-8B4A-11D0-8D11-00A0C91BC942}") = "Pointers-Arrays", "Pointers-Arrays.vcxproj", "{317659B7-83A6-4316-A10E-F0CACDBB8E08}"
EndProject
Global
	GlobalSection(SolutionConfigurationPlatforms) = preSolution
		Debug|x64 = Debug|x64
		Debug|x86 = Debug|x86
		Release|x64 = Release|x64
		Release|x86 = Release|x86
	EndGlobalSection
	GlobalSection(ProjectConfigurationPlatforms) = postSolution
		{317659B7-83A6-4316-A10E-F0CACDBB8E08}.Debug|x64.ActiveCfg = Debug|x64
		{317659B7-83A6-4316-A10E-F0CACDBB8E08}.Debug|x64.Build.0 = Debug|x64
		{317659B7-83A6-4316-A10E-F0CACDBB8E08}.Debug|x86.ActiveCfg = Debug|Win32
		{317659B7-83A6-4316-A10E-F0CACDBB8E08}.Debug|x86.Build.0 = Debug|Win32
		{317659B7-83A6-4316-A10E-F0CACDBB8E08}.Release|x64.ActiveCfg = Release|x64
		{317659B7-83A6-4316-A10E-F0CACDBB8E08}.Release|x64.Build.0 = Release|x64
		{317659B7-83A6-4316-A10E-F0CACDBB8E08}.Release|x86.ActiveCfg = Release|Win32
		{317659B7-83A6-4316-A10E-F0CACDBB8E08}.Release|x86.Build.0 = Release|Win32
	EndGlobalSection
	GlobalSection(SolutionProperties) = preSolution
		HideSolutionNode = FALSE
	EndGlobalSection
	GlobalSection(ExtensibilityGlobals) = postSolution
		SolutionGuid = {874DD18E-E8C7-439E-8952-E3E9A57834B6}
	EndGlobalSection
EndGlobal
