
Microsoft Visual Studio Solution File, Format Version 12.00
# Visual Studio Version 17
VisualStudioVersion = 17.0.32112.339
MinimumVisualStudioVersion = 10.0.40219.1
Project("{8BC9CEB8-8B4A-11D0-8D11-00A0C91BC942}") = "CountingDigitOfaNumber(WhileLoop--Part-2)", "CountingDigitOfaNumber(WhileLoop--Part-2).vcxproj", "{63B3674A-2FD5-470F-AA02-7C27C7941B96}"
EndProject
Global
	GlobalSection(SolutionConfigurationPlatforms) = preSolution
		Debug|x64 = Debug|x64
		Debug|x86 = Debug|x86
		Release|x64 = Release|x64
		Release|x86 = Release|x86
	EndGlobalSection
	GlobalSection(ProjectConfigurationPlatforms) = postSolution
		{63B3674A-2FD5-470F-AA02-7C27C7941B96}.Debug|x64.ActiveCfg = Debug|x64
		{63B3674A-2FD5-470F-AA02-7C27C7941B96}.Debug|x64.Build.0 = Debug|x64
		{63B3674A-2FD5-470F-AA02-7C27C7941B96}.Debug|x86.ActiveCfg = Debug|Win32
		{63B3674A-2FD5-470F-AA02-7C27C7941B96}.Debug|x86.Build.0 = Debug|Win32
		{63B3674A-2FD5-470F-AA02-7C27C7941B96}.Release|x64.ActiveCfg = Release|x64
		{63B3674A-2FD5-470F-AA02-7C27C7941B96}.Release|x64.Build.0 = Release|x64
		{63B3674A-2FD5-470F-AA02-7C27C7941B96}.Release|x86.ActiveCfg = Release|Win32
		{63B3674A-2FD5-470F-AA02-7C27C7941B96}.Release|x86.Build.0 = Release|Win32
	EndGlobalSection
	GlobalSection(SolutionProperties) = preSolution
		HideSolutionNode = FALSE
	EndGlobalSection
	GlobalSection(ExtensibilityGlobals) = postSolution
		SolutionGuid = {53073E38-8FAA-439A-8B57-36DB6CE42402}
	EndGlobalSection
EndGlobal
