
Microsoft Visual Studio Solution File, Format Version 12.00
# Visual Studio Version 17
VisualStudioVersion = 17.0.32112.339
MinimumVisualStudioVersion = 10.0.40219.1
Project("{8BC9CEB8-8B4A-11D0-8D11-00A0C91BC942}") = "swapValues", "swapValues.vcxproj", "{BA6079DF-B6E0-4A1C-B4FD-104ADB9558BC}"
EndProject
Global
	GlobalSection(SolutionConfigurationPlatforms) = preSolution
		Debug|x64 = Debug|x64
		Debug|x86 = Debug|x86
		Release|x64 = Release|x64
		Release|x86 = Release|x86
	EndGlobalSection
	GlobalSection(ProjectConfigurationPlatforms) = postSolution
		{BA6079DF-B6E0-4A1C-B4FD-104ADB9558BC}.Debug|x64.ActiveCfg = Debug|x64
		{BA6079DF-B6E0-4A1C-B4FD-104ADB9558BC}.Debug|x64.Build.0 = Debug|x64
		{BA6079DF-B6E0-4A1C-B4FD-104ADB9558BC}.Debug|x86.ActiveCfg = Debug|Win32
		{BA6079DF-B6E0-4A1C-B4FD-104ADB9558BC}.Debug|x86.Build.0 = Debug|Win32
		{BA6079DF-B6E0-4A1C-B4FD-104ADB9558BC}.Release|x64.ActiveCfg = Release|x64
		{BA6079DF-B6E0-4A1C-B4FD-104ADB9558BC}.Release|x64.Build.0 = Release|x64
		{BA6079DF-B6E0-4A1C-B4FD-104ADB9558BC}.Release|x86.ActiveCfg = Release|Win32
		{BA6079DF-B6E0-4A1C-B4FD-104ADB9558BC}.Release|x86.Build.0 = Release|Win32
	EndGlobalSection
	GlobalSection(SolutionProperties) = preSolution
		HideSolutionNode = FALSE
	EndGlobalSection
	GlobalSection(ExtensibilityGlobals) = postSolution
		SolutionGuid = {12AF5BA6-692D-4A29-B55F-72155F1A0BE4}
	EndGlobalSection
EndGlobal
