
Microsoft Visual Studio Solution File, Format Version 12.00
# Visual Studio Version 17
VisualStudioVersion = 17.0.32112.339
MinimumVisualStudioVersion = 10.0.40219.1
Project("{8BC9CEB8-8B4A-11D0-8D11-00A0C91BC942}") = "rectangleShape", "rectangleShape.vcxproj", "{2DB98EA0-D27F-4CFC-ACC5-29C4DFFED55C}"
EndProject
Global
	GlobalSection(SolutionConfigurationPlatforms) = preSolution
		Debug|x64 = Debug|x64
		Debug|x86 = Debug|x86
		Release|x64 = Release|x64
		Release|x86 = Release|x86
	EndGlobalSection
	GlobalSection(ProjectConfigurationPlatforms) = postSolution
		{2DB98EA0-D27F-4CFC-ACC5-29C4DFFED55C}.Debug|x64.ActiveCfg = Debug|x64
		{2DB98EA0-D27F-4CFC-ACC5-29C4DFFED55C}.Debug|x64.Build.0 = Debug|x64
		{2DB98EA0-D27F-4CFC-ACC5-29C4DFFED55C}.Debug|x86.ActiveCfg = Debug|Win32
		{2DB98EA0-D27F-4CFC-ACC5-29C4DFFED55C}.Debug|x86.Build.0 = Debug|Win32
		{2DB98EA0-D27F-4CFC-ACC5-29C4DFFED55C}.Release|x64.ActiveCfg = Release|x64
		{2DB98EA0-D27F-4CFC-ACC5-29C4DFFED55C}.Release|x64.Build.0 = Release|x64
		{2DB98EA0-D27F-4CFC-ACC5-29C4DFFED55C}.Release|x86.ActiveCfg = Release|Win32
		{2DB98EA0-D27F-4CFC-ACC5-29C4DFFED55C}.Release|x86.Build.0 = Release|Win32
	EndGlobalSection
	GlobalSection(SolutionProperties) = preSolution
		HideSolutionNode = FALSE
	EndGlobalSection
	GlobalSection(ExtensibilityGlobals) = postSolution
		SolutionGuid = {BBA2BD97-C00F-4507-AD7A-532B21F2AAFC}
	EndGlobalSection
EndGlobal
